
Microsoft Visual Studio Solution File, Format Version 12.00
# Visual Studio Version 16
VisualStudioVersion = 16.0.29424.173
MinimumVisualStudioVersion = 10.0.40219.1
Project("{FAE04EC0-301F-11D3-BF4B-00C04F79EFBC}") = "HortiFruti", "HortiFruti.csproj", "{BDE7AE65-0356-406C-9349-B84D180B6E8A}"
EndProject
Global
	GlobalSection(SolutionConfigurationPlatforms) = preSolution
		Debug|Any CPU = Debug|Any CPU
		Release|Any CPU = Release|Any CPU
	EndGlobalSection
	GlobalSection(ProjectConfigurationPlatforms) = postSolution
		{BDE7AE65-0356-406C-9349-B84D180B6E8A}.Debug|Any CPU.ActiveCfg = Debug|Any CPU
		{BDE7AE65-0356-406C-9349-B84D180B6E8A}.Debug|Any CPU.Build.0 = Debug|Any CPU
		{BDE7AE65-0356-406C-9349-B84D180B6E8A}.Release|Any CPU.ActiveCfg = Release|Any CPU
		{BDE7AE65-0356-406C-9349-B84D180B6E8A}.Release|Any CPU.Build.0 = Release|Any CPU
	EndGlobalSection
	GlobalSection(SolutionProperties) = preSolution
		HideSolutionNode = FALSE
	EndGlobalSection
	GlobalSection(ExtensibilityGlobals) = postSolution
		SolutionGuid = {0E0259A9-88EF-4C7D-A588-9C0CB086BF4C}
	EndGlobalSection
EndGlobal
